
Microsoft Visual Studio Solution File, Format Version 12.00
# Visual Studio 2012
Project("{FAE04EC0-301F-11D3-BF4B-00C04F79EFBC}") = "GVoiceSharp", "GVoiceSharp\GVoiceSharp.csproj", "{CBCC1404-9E09-4F6F-B2B6-22956EBC8881}"
EndProject
Project("{FAE04EC0-301F-11D3-BF4B-00C04F79EFBC}") = "GVoiceSharp.Tests", "GVoiceSharp.Tests\GVoiceSharp.Tests.csproj", "{A2F16D52-A44E-4FDE-B926-51661559E823}"
EndProject
Global
	GlobalSection(SolutionConfigurationPlatforms) = preSolution
		Debug|Any CPU = Debug|Any CPU
		Release|Any CPU = Release|Any CPU
	EndGlobalSection
	GlobalSection(ProjectConfigurationPlatforms) = postSolution
		{CBCC1404-9E09-4F6F-B2B6-22956EBC8881}.Debug|Any CPU.ActiveCfg = Debug|Any CPU
		{CBCC1404-9E09-4F6F-B2B6-22956EBC8881}.Debug|Any CPU.Build.0 = Debug|Any CPU
		{CBCC1404-9E09-4F6F-B2B6-22956EBC8881}.Release|Any CPU.ActiveCfg = Release|Any CPU
		{CBCC1404-9E09-4F6F-B2B6-22956EBC8881}.Release|Any CPU.Build.0 = Release|Any CPU
		{A2F16D52-A44E-4FDE-B926-51661559E823}.Debug|Any CPU.ActiveCfg = Debug|Any CPU
		{A2F16D52-A44E-4FDE-B926-51661559E823}.Debug|Any CPU.Build.0 = Debug|Any CPU
		{A2F16D52-A44E-4FDE-B926-51661559E823}.Release|Any CPU.ActiveCfg = Release|Any CPU
	EndGlobalSection
	GlobalSection(SolutionProperties) = preSolution
		HideSolutionNode = FALSE
	EndGlobalSection
EndGlobal
